
Microsoft Visual Studio Solution File, Format Version 12.00
# Visual Studio Version 17
VisualStudioVersion = 17.1.32228.430
MinimumVisualStudioVersion = 10.0.40219.1
Project("{2150E333-8FDC-42A3-9474-1A3956D46DE8}") = "Services", "Services", "{BB3415FD-0F69-4A5A-BEA1-56272F0AA3F4}"
EndProject
Project("{2150E333-8FDC-42A3-9474-1A3956D46DE8}") = "API", "API", "{09A6D7DA-55A2-40A4-90AE-27355B016252}"
EndProject
Project("{9A19103F-16F7-4668-BE54-9A1E7A4F7556}") = "MealCenter.API", "src\MealCenter.API\MealCenter.API.csproj", "{98CEB500-3D89-441E-9274-7AE02628A294}"
EndProject
Project("{2150E333-8FDC-42A3-9474-1A3956D46DE8}") = "Registration", "Registration", "{4FA620C8-0CBA-4727-B82C-2D6126F66AB1}"
EndProject
Project("{2150E333-8FDC-42A3-9474-1A3956D46DE8}") = "Orders", "Orders", "{38166C75-AEB9-43ED-93E0-6D23D5526006}"
EndProject
Project("{2150E333-8FDC-42A3-9474-1A3956D46DE8}") = "Catalog", "Catalog", "{11482DE0-EC4A-4A8D-B3AB-B044EE7BFD4C}"
EndProject
Project("{2150E333-8FDC-42A3-9474-1A3956D46DE8}") = "Identity", "Identity", "{5835DE7E-D80C-45BD-8A4C-D20C224DB010}"
EndProject
Project("{9A19103F-16F7-4668-BE54-9A1E7A4F7556}") = "MealCenter.Registration.Application", "src\MealCenter.Registration.Application\MealCenter.Registration.Application.csproj", "{98825241-7106-4E8C-85E3-F5CA976B5DFD}"
EndProject
Project("{9A19103F-16F7-4668-BE54-9A1E7A4F7556}") = "MealCenter.Registration.Infrastructure", "src\MealCenter.Registration.Infrastructure\MealCenter.Registration.Infrastructure.csproj", "{04B08D91-97FE-44EC-B012-A7B2ADBA96E9}"
EndProject
Project("{9A19103F-16F7-4668-BE54-9A1E7A4F7556}") = "MealCenter.Registration.Domain", "src\MealCenter.Registration.Domain\MealCenter.Registration.Domain.csproj", "{66C3B784-7FE5-4D22-B4DB-D039301D633D}"
EndProject
Project("{2150E333-8FDC-42A3-9474-1A3956D46DE8}") = "Core", "Core", "{EC107E77-573E-4EEC-BBEB-1C42180C80D2}"
EndProject
Project("{9A19103F-16F7-4668-BE54-9A1E7A4F7556}") = "MealCenter.Core", "src\MealCenter.Core\MealCenter.Core.csproj", "{80E83C41-675E-4968-BF5C-4A05800884E6}"
EndProject
Project("{9A19103F-16F7-4668-BE54-9A1E7A4F7556}") = "MealCenter.Catalog.Application", "src\MealCenter.Catalog.Application\MealCenter.Catalog.Application.csproj", "{2F667D5C-1A0F-41DE-B302-DA39E624CE2C}"
EndProject
Project("{9A19103F-16F7-4668-BE54-9A1E7A4F7556}") = "MealCenter.Catalog.Domain", "src\MealCenter.Catalog.Domain\MealCenter.Catalog.Domain.csproj", "{B51122FC-C80A-49F7-B596-6AAE04301807}"
EndProject
Project("{9A19103F-16F7-4668-BE54-9A1E7A4F7556}") = "MealCenter.Catalog.Infrastructure", "src\MealCenter.Catalog.Infrastructure\MealCenter.Catalog.Infrastructure.csproj", "{B10C6502-ED33-41D8-BCF1-FEEC6ACA423E}"
EndProject
Project("{9A19103F-16F7-4668-BE54-9A1E7A4F7556}") = "MealCenter.Orders.Application", "src\MealCenter.Orders.Application\MealCenter.Orders.Application.csproj", "{78B29A02-EECE-4CC6-990C-1EA4A1A2B444}"
EndProject
Project("{9A19103F-16F7-4668-BE54-9A1E7A4F7556}") = "MealCenter.Orders.Infrastructure", "src\MealCenter.Orders.Infrastructure\MealCenter.Orders.Infrastructure.csproj", "{1DB5A9CC-72BC-4DEA-BDF7-6341C7CF6361}"
EndProject
Project("{9A19103F-16F7-4668-BE54-9A1E7A4F7556}") = "MealCenter.Orders.Domain", "src\MealCenter.Orders.Domain\MealCenter.Orders.Domain.csproj", "{9F255676-9FBF-4FFB-8CDE-ED3326B7FDDE}"
EndProject
Project("{FAE04EC0-301F-11D3-BF4B-00C04F79EFBC}") = "MealCenter.Identity.Application", "src\MealCenter.Identity.Application\MealCenter.Identity.Application.csproj", "{BD863A07-76BF-4DC1-B7B6-A5172BDA55B0}"
EndProject
Project("{FAE04EC0-301F-11D3-BF4B-00C04F79EFBC}") = "MealCenter.Identity.Infrastructure", "src\MealCenter.Identity.Infrastructure\MealCenter.Identity.Infrastructure.csproj", "{8AD2243A-2ABC-41B0-B52B-E3996F898A21}"
EndProject
Global
	GlobalSection(SolutionConfigurationPlatforms) = preSolution
		Debug|Any CPU = Debug|Any CPU
		Release|Any CPU = Release|Any CPU
	EndGlobalSection
	GlobalSection(ProjectConfigurationPlatforms) = postSolution
		{98CEB500-3D89-441E-9274-7AE02628A294}.Debug|Any CPU.ActiveCfg = Debug|Any CPU
		{98CEB500-3D89-441E-9274-7AE02628A294}.Debug|Any CPU.Build.0 = Debug|Any CPU
		{98CEB500-3D89-441E-9274-7AE02628A294}.Release|Any CPU.ActiveCfg = Release|Any CPU
		{98CEB500-3D89-441E-9274-7AE02628A294}.Release|Any CPU.Build.0 = Release|Any CPU
		{98825241-7106-4E8C-85E3-F5CA976B5DFD}.Debug|Any CPU.ActiveCfg = Debug|Any CPU
		{98825241-7106-4E8C-85E3-F5CA976B5DFD}.Debug|Any CPU.Build.0 = Debug|Any CPU
		{98825241-7106-4E8C-85E3-F5CA976B5DFD}.Release|Any CPU.ActiveCfg = Release|Any CPU
		{98825241-7106-4E8C-85E3-F5CA976B5DFD}.Release|Any CPU.Build.0 = Release|Any CPU
		{04B08D91-97FE-44EC-B012-A7B2ADBA96E9}.Debug|Any CPU.ActiveCfg = Debug|Any CPU
		{04B08D91-97FE-44EC-B012-A7B2ADBA96E9}.Debug|Any CPU.Build.0 = Debug|Any CPU
		{04B08D91-97FE-44EC-B012-A7B2ADBA96E9}.Release|Any CPU.ActiveCfg = Release|Any CPU
		{04B08D91-97FE-44EC-B012-A7B2ADBA96E9}.Release|Any CPU.Build.0 = Release|Any CPU
		{66C3B784-7FE5-4D22-B4DB-D039301D633D}.Debug|Any CPU.ActiveCfg = Debug|Any CPU
		{66C3B784-7FE5-4D22-B4DB-D039301D633D}.Debug|Any CPU.Build.0 = Debug|Any CPU
		{66C3B784-7FE5-4D22-B4DB-D039301D633D}.Release|Any CPU.ActiveCfg = Release|Any CPU
		{66C3B784-7FE5-4D22-B4DB-D039301D633D}.Release|Any CPU.Build.0 = Release|Any CPU
		{80E83C41-675E-4968-BF5C-4A05800884E6}.Debug|Any CPU.ActiveCfg = Debug|Any CPU
		{80E83C41-675E-4968-BF5C-4A05800884E6}.Debug|Any CPU.Build.0 = Debug|Any CPU
		{80E83C41-675E-4968-BF5C-4A05800884E6}.Release|Any CPU.ActiveCfg = Release|Any CPU
		{80E83C41-675E-4968-BF5C-4A05800884E6}.Release|Any CPU.Build.0 = Release|Any CPU
		{2F667D5C-1A0F-41DE-B302-DA39E624CE2C}.Debug|Any CPU.ActiveCfg = Debug|Any CPU
		{2F667D5C-1A0F-41DE-B302-DA39E624CE2C}.Debug|Any CPU.Build.0 = Debug|Any CPU
		{2F667D5C-1A0F-41DE-B302-DA39E624CE2C}.Release|Any CPU.ActiveCfg = Release|Any CPU
		{2F667D5C-1A0F-41DE-B302-DA39E624CE2C}.Release|Any CPU.Build.0 = Release|Any CPU
		{B51122FC-C80A-49F7-B596-6AAE04301807}.Debug|Any CPU.ActiveCfg = Debug|Any CPU
		{B51122FC-C80A-49F7-B596-6AAE04301807}.Debug|Any CPU.Build.0 = Debug|Any CPU
		{B51122FC-C80A-49F7-B596-6AAE04301807}.Release|Any CPU.ActiveCfg = Release|Any CPU
		{B51122FC-C80A-49F7-B596-6AAE04301807}.Release|Any CPU.Build.0 = Release|Any CPU
		{B10C6502-ED33-41D8-BCF1-FEEC6ACA423E}.Debug|Any CPU.ActiveCfg = Debug|Any CPU
		{B10C6502-ED33-41D8-BCF1-FEEC6ACA423E}.Debug|Any CPU.Build.0 = Debug|Any CPU
		{B10C6502-ED33-41D8-BCF1-FEEC6ACA423E}.Release|Any CPU.ActiveCfg = Release|Any CPU
		{B10C6502-ED33-41D8-BCF1-FEEC6ACA423E}.Release|Any CPU.Build.0 = Release|Any CPU
		{78B29A02-EECE-4CC6-990C-1EA4A1A2B444}.Debug|Any CPU.ActiveCfg = Debug|Any CPU
		{78B29A02-EECE-4CC6-990C-1EA4A1A2B444}.Debug|Any CPU.Build.0 = Debug|Any CPU
		{78B29A02-EECE-4CC6-990C-1EA4A1A2B444}.Release|Any CPU.ActiveCfg = Release|Any CPU
		{78B29A02-EECE-4CC6-990C-1EA4A1A2B444}.Release|Any CPU.Build.0 = Release|Any CPU
		{1DB5A9CC-72BC-4DEA-BDF7-6341C7CF6361}.Debug|Any CPU.ActiveCfg = Debug|Any CPU
		{1DB5A9CC-72BC-4DEA-BDF7-6341C7CF6361}.Debug|Any CPU.Build.0 = Debug|Any CPU
		{1DB5A9CC-72BC-4DEA-BDF7-6341C7CF6361}.Release|Any CPU.ActiveCfg = Release|Any CPU
		{1DB5A9CC-72BC-4DEA-BDF7-6341C7CF6361}.Release|Any CPU.Build.0 = Release|Any CPU
		{9F255676-9FBF-4FFB-8CDE-ED3326B7FDDE}.Debug|Any CPU.ActiveCfg = Debug|Any CPU
		{9F255676-9FBF-4FFB-8CDE-ED3326B7FDDE}.Debug|Any CPU.Build.0 = Debug|Any CPU
		{9F255676-9FBF-4FFB-8CDE-ED3326B7FDDE}.Release|Any CPU.ActiveCfg = Release|Any CPU
		{9F255676-9FBF-4FFB-8CDE-ED3326B7FDDE}.Release|Any CPU.Build.0 = Release|Any CPU
		{BD863A07-76BF-4DC1-B7B6-A5172BDA55B0}.Debug|Any CPU.ActiveCfg = Debug|Any CPU
		{BD863A07-76BF-4DC1-B7B6-A5172BDA55B0}.Debug|Any CPU.Build.0 = Debug|Any CPU
		{BD863A07-76BF-4DC1-B7B6-A5172BDA55B0}.Release|Any CPU.ActiveCfg = Release|Any CPU
		{BD863A07-76BF-4DC1-B7B6-A5172BDA55B0}.Release|Any CPU.Build.0 = Release|Any CPU
		{8AD2243A-2ABC-41B0-B52B-E3996F898A21}.Debug|Any CPU.ActiveCfg = Debug|Any CPU
		{8AD2243A-2ABC-41B0-B52B-E3996F898A21}.Debug|Any CPU.Build.0 = Debug|Any CPU
		{8AD2243A-2ABC-41B0-B52B-E3996F898A21}.Release|Any CPU.ActiveCfg = Release|Any CPU
		{8AD2243A-2ABC-41B0-B52B-E3996F898A21}.Release|Any CPU.Build.0 = Release|Any CPU
	EndGlobalSection
	GlobalSection(SolutionProperties) = preSolution
		HideSolutionNode = FALSE
	EndGlobalSection
	GlobalSection(NestedProjects) = preSolution
		{98CEB500-3D89-441E-9274-7AE02628A294} = {09A6D7DA-55A2-40A4-90AE-27355B016252}
		{4FA620C8-0CBA-4727-B82C-2D6126F66AB1} = {BB3415FD-0F69-4A5A-BEA1-56272F0AA3F4}
		{38166C75-AEB9-43ED-93E0-6D23D5526006} = {BB3415FD-0F69-4A5A-BEA1-56272F0AA3F4}
		{11482DE0-EC4A-4A8D-B3AB-B044EE7BFD4C} = {BB3415FD-0F69-4A5A-BEA1-56272F0AA3F4}
		{5835DE7E-D80C-45BD-8A4C-D20C224DB010} = {BB3415FD-0F69-4A5A-BEA1-56272F0AA3F4}
		{98825241-7106-4E8C-85E3-F5CA976B5DFD} = {4FA620C8-0CBA-4727-B82C-2D6126F66AB1}
		{04B08D91-97FE-44EC-B012-A7B2ADBA96E9} = {4FA620C8-0CBA-4727-B82C-2D6126F66AB1}
		{66C3B784-7FE5-4D22-B4DB-D039301D633D} = {4FA620C8-0CBA-4727-B82C-2D6126F66AB1}
		{EC107E77-573E-4EEC-BBEB-1C42180C80D2} = {BB3415FD-0F69-4A5A-BEA1-56272F0AA3F4}
		{80E83C41-675E-4968-BF5C-4A05800884E6} = {EC107E77-573E-4EEC-BBEB-1C42180C80D2}
		{2F667D5C-1A0F-41DE-B302-DA39E624CE2C} = {11482DE0-EC4A-4A8D-B3AB-B044EE7BFD4C}
		{B51122FC-C80A-49F7-B596-6AAE04301807} = {11482DE0-EC4A-4A8D-B3AB-B044EE7BFD4C}
		{B10C6502-ED33-41D8-BCF1-FEEC6ACA423E} = {11482DE0-EC4A-4A8D-B3AB-B044EE7BFD4C}
		{78B29A02-EECE-4CC6-990C-1EA4A1A2B444} = {38166C75-AEB9-43ED-93E0-6D23D5526006}
		{1DB5A9CC-72BC-4DEA-BDF7-6341C7CF6361} = {38166C75-AEB9-43ED-93E0-6D23D5526006}
		{9F255676-9FBF-4FFB-8CDE-ED3326B7FDDE} = {38166C75-AEB9-43ED-93E0-6D23D5526006}
		{BD863A07-76BF-4DC1-B7B6-A5172BDA55B0} = {5835DE7E-D80C-45BD-8A4C-D20C224DB010}
		{8AD2243A-2ABC-41B0-B52B-E3996F898A21} = {5835DE7E-D80C-45BD-8A4C-D20C224DB010}
	EndGlobalSection
	GlobalSection(ExtensibilityGlobals) = postSolution
		SolutionGuid = {BA012A23-561B-4CB0-A9D2-6F9B7E6CDF49}
	EndGlobalSection
EndGlobal
